// !$*UTF8*$!
{
	archiveVersion = 1;
	classes = {
	};
	objectVersion = 50;
	objects = {

/* Begin PBXBuildFile section */
		E405494223B3CA5F002A0908 /* AppDelegate.swift in Sources */ = {isa = PBXBuildFile; fileRef = E405494123B3CA5F002A0908 /* AppDelegate.swift */; };
		E405494B23B3CA61002A0908 /* Assets.xcassets in Resources */ = {isa = PBXBuildFile; fileRef = E405494A23B3CA61002A0908 /* Assets.xcassets */; };
		E405495723B3CB99002A0908 /* MainPresenter.swift in Sources */ = {isa = PBXBuildFile; fileRef = E405495623B3CB99002A0908 /* MainPresenter.swift */; };
		E405495B23B3CDF4002A0908 /* MainViewController.swift in Sources */ = {isa = PBXBuildFile; fileRef = E405495A23B3CDF4002A0908 /* MainViewController.swift */; };
		E405495D23B3CE17002A0908 /* MainViewController.xib in Resources */ = {isa = PBXBuildFile; fileRef = E405495C23B3CE17002A0908 /* MainViewController.xib */; };
		E4609AED23B521AD002778DD /* FlickrResource.swift in Sources */ = {isa = PBXBuildFile; fileRef = E4609AEC23B521AD002778DD /* FlickrResource.swift */; };
		E4609AEF23B52208002778DD /* FlickrSearchResults.swift in Sources */ = {isa = PBXBuildFile; fileRef = E4609AEE23B52208002778DD /* FlickrSearchResults.swift */; };
		E4609AF123B52244002778DD /* FlickrPhoto.swift in Sources */ = {isa = PBXBuildFile; fileRef = E4609AF023B52244002778DD /* FlickrPhoto.swift */; };
		E4609AF323B52570002778DD /* SearchFlickrUseCase.swift in Sources */ = {isa = PBXBuildFile; fileRef = E4609AF223B52570002778DD /* SearchFlickrUseCase.swift */; };
		E4609AF523B529CD002778DD /* PhotoCell.swift in Sources */ = {isa = PBXBuildFile; fileRef = E4609AF423B529CD002778DD /* PhotoCell.swift */; };
		E4609AF723B529F8002778DD /* PhotoCell.xib in Resources */ = {isa = PBXBuildFile; fileRef = E4609AF623B529F7002778DD /* PhotoCell.xib */; };
		E4BBA0C023B666EA00F66B85 /* MainCollectionViewHeader.swift in Sources */ = {isa = PBXBuildFile; fileRef = E4BBA0BF23B666EA00F66B85 /* MainCollectionViewHeader.swift */; };
		E4BBA0C223B6671D00F66B85 /* MainCollectionViewHeader.xib in Resources */ = {isa = PBXBuildFile; fileRef = E4BBA0C123B6671D00F66B85 /* MainCollectionViewHeader.xib */; };
/* End PBXBuildFile section */

/* Begin PBXFileReference section */
		E405493E23B3CA5F002A0908 /* collectionView.app */ = {isa = PBXFileReference; explicitFileType = wrapper.application; includeInIndex = 0; path = collectionView.app; sourceTree = BUILT_PRODUCTS_DIR; };
		E405494123B3CA5F002A0908 /* AppDelegate.swift */ = {isa = PBXFileReference; lastKnownFileType = sourcecode.swift; path = AppDelegate.swift; sourceTree = "<group>"; };
		E405494A23B3CA61002A0908 /* Assets.xcassets */ = {isa = PBXFileReference; lastKnownFileType = folder.assetcatalog; path = Assets.xcassets; sourceTree = "<group>"; };
		E405494F23B3CA61002A0908 /* Info.plist */ = {isa = PBXFileReference; lastKnownFileType = text.plist.xml; path = Info.plist; sourceTree = "<group>"; };
		E405495623B3CB99002A0908 /* MainPresenter.swift */ = {isa = PBXFileReference; lastKnownFileType = sourcecode.swift; path = MainPresenter.swift; sourceTree = "<group>"; };
		E405495A23B3CDF4002A0908 /* MainViewController.swift */ = {isa = PBXFileReference; lastKnownFileType = sourcecode.swift; path = MainViewController.swift; sourceTree = "<group>"; };
		E405495C23B3CE17002A0908 /* MainViewController.xib */ = {isa = PBXFileReference; lastKnownFileType = file.xib; path = MainViewController.xib; sourceTree = "<group>"; };
		E4609AEC23B521AD002778DD /* FlickrResource.swift */ = {isa = PBXFileReference; lastKnownFileType = sourcecode.swift; path = FlickrResource.swift; sourceTree = "<group>"; };
		E4609AEE23B52208002778DD /* FlickrSearchResults.swift */ = {isa = PBXFileReference; lastKnownFileType = sourcecode.swift; path = FlickrSearchResults.swift; sourceTree = "<group>"; };
		E4609AF023B52244002778DD /* FlickrPhoto.swift */ = {isa = PBXFileReference; lastKnownFileType = sourcecode.swift; path = FlickrPhoto.swift; sourceTree = "<group>"; };
		E4609AF223B52570002778DD /* SearchFlickrUseCase.swift */ = {isa = PBXFileReference; lastKnownFileType = sourcecode.swift; path = SearchFlickrUseCase.swift; sourceTree = "<group>"; };
		E4609AF423B529CD002778DD /* PhotoCell.swift */ = {isa = PBXFileReference; lastKnownFileType = sourcecode.swift; path = PhotoCell.swift; sourceTree = "<group>"; };
		E4609AF623B529F7002778DD /* PhotoCell.xib */ = {isa = PBXFileReference; lastKnownFileType = file.xib; path = PhotoCell.xib; sourceTree = "<group>"; };
		E4BBA0BF23B666EA00F66B85 /* MainCollectionViewHeader.swift */ = {isa = PBXFileReference; lastKnownFileType = sourcecode.swift; path = MainCollectionViewHeader.swift; sourceTree = "<group>"; };
		E4BBA0C123B6671D00F66B85 /* MainCollectionViewHeader.xib */ = {isa = PBXFileReference; lastKnownFileType = file.xib; path = MainCollectionViewHeader.xib; sourceTree = "<group>"; };
/* End PBXFileReference section */

/* Begin PBXFrameworksBuildPhase section */
		E405493B23B3CA5F002A0908 /* Frameworks */ = {
			isa = PBXFrameworksBuildPhase;
			buildActionMask = 2147483647;
			files = (
			);
			runOnlyForDeploymentPostprocessing = 0;
		};
/* End PBXFrameworksBuildPhase section */

/* Begin PBXGroup section */
		E405493523B3CA5F002A0908 = {
			isa = PBXGroup;
			children = (
				E405494023B3CA5F002A0908 /* collectionView */,
				E405493F23B3CA5F002A0908 /* Products */,
			);
			sourceTree = "<group>";
		};
		E405493F23B3CA5F002A0908 /* Products */ = {
			isa = PBXGroup;
			children = (
				E405493E23B3CA5F002A0908 /* collectionView.app */,
			);
			name = Products;
			sourceTree = "<group>";
		};
		E405494023B3CA5F002A0908 /* collectionView */ = {
			isa = PBXGroup;
			children = (
				E4609AEB23B5210C002778DD /* Flickr */,
				E405495523B3CAB6002A0908 /* MainViewController */,
				E405494123B3CA5F002A0908 /* AppDelegate.swift */,
				E405494A23B3CA61002A0908 /* Assets.xcassets */,
				E405494F23B3CA61002A0908 /* Info.plist */,
			);
			path = collectionView;
			sourceTree = "<group>";
		};
		E405495523B3CAB6002A0908 /* MainViewController */ = {
			isa = PBXGroup;
			children = (
				E405495623B3CB99002A0908 /* MainPresenter.swift */,
				E405495A23B3CDF4002A0908 /* MainViewController.swift */,
				E405495C23B3CE17002A0908 /* MainViewController.xib */,
				E4609AF423B529CD002778DD /* PhotoCell.swift */,
				E4609AF623B529F7002778DD /* PhotoCell.xib */,
				E4BBA0BF23B666EA00F66B85 /* MainCollectionViewHeader.swift */,
				E4BBA0C123B6671D00F66B85 /* MainCollectionViewHeader.xib */,
			);
			path = MainViewController;
			sourceTree = "<group>";
		};
		E4609AEB23B5210C002778DD /* Flickr */ = {
			isa = PBXGroup;
			children = (
				E4609AEC23B521AD002778DD /* FlickrResource.swift */,
				E4609AEE23B52208002778DD /* FlickrSearchResults.swift */,
				E4609AF023B52244002778DD /* FlickrPhoto.swift */,
				E4609AF223B52570002778DD /* SearchFlickrUseCase.swift */,
			);
			path = Flickr;
			sourceTree = "<group>";
		};
/* End PBXGroup section */

/* Begin PBXNativeTarget section */
		E405493D23B3CA5F002A0908 /* collectionView */ = {
			isa = PBXNativeTarget;
			buildConfigurationList = E405495223B3CA61002A0908 /* Build configuration list for PBXNativeTarget "collectionView" */;
			buildPhases = (
				E405493A23B3CA5F002A0908 /* Sources */,
				E405493B23B3CA5F002A0908 /* Frameworks */,
				E405493C23B3CA5F002A0908 /* Resources */,
			);
			buildRules = (
			);
			dependencies = (
			);
			name = collectionView;
			productName = collectionView;
			productReference = E405493E23B3CA5F002A0908 /* collectionView.app */;
			productType = "com.apple.product-type.application";
		};
/* End PBXNativeTarget section */

/* Begin PBXProject section */
		E405493623B3CA5F002A0908 /* Project object */ = {
			isa = PBXProject;
			attributes = {
				LastSwiftUpdateCheck = 1130;
				LastUpgradeCheck = 1130;
				ORGANIZATIONNAME = "Lara Hoya Trujillo";
				TargetAttributes = {
					E405493D23B3CA5F002A0908 = {
						CreatedOnToolsVersion = 11.3;
					};
				};
			};
			buildConfigurationList = E405493923B3CA5F002A0908 /* Build configuration list for PBXProject "collectionView" */;
			compatibilityVersion = "Xcode 9.3";
			developmentRegion = en;
			hasScannedForEncodings = 0;
			knownRegions = (
				en,
				Base,
			);
			mainGroup = E405493523B3CA5F002A0908;
			productRefGroup = E405493F23B3CA5F002A0908 /* Products */;
			projectDirPath = "";
			projectRoot = "";
			targets = (
				E405493D23B3CA5F002A0908 /* collectionView */,
			);
		};
/* End PBXProject section */

/* Begin PBXResourcesBuildPhase section */
		E405493C23B3CA5F002A0908 /* Resources */ = {
			isa = PBXResourcesBuildPhase;
			buildActionMask = 2147483647;
			files = (
				E4609AF723B529F8002778DD /* PhotoCell.xib in Resources */,
				E405494B23B3CA61002A0908 /* Assets.xcassets in Resources */,
				E4BBA0C223B6671D00F66B85 /* MainCollectionViewHeader.xib in Resources */,
				E405495D23B3CE17002A0908 /* MainViewController.xib in Resources */,
			);
			runOnlyForDeploymentPostprocessing = 0;
		};
/* End PBXResourcesBuildPhase section */

/* Begin PBXSourcesBuildPhase section */
		E405493A23B3CA5F002A0908 /* Sources */ = {
			isa = PBXSourcesBuildPhase;
			buildActionMask = 2147483647;
			files = (
				E4609AED23B521AD002778DD /* FlickrResource.swift in Sources */,
				E4609AF123B52244002778DD /* FlickrPhoto.swift in Sources */,
				E4609AEF23B52208002778DD /* FlickrSearchResults.swift in Sources */,
				E4BBA0C023B666EA00F66B85 /* MainCollectionViewHeader.swift in Sources */,
				E405495B23B3CDF4002A0908 /* MainViewController.swift in Sources */,
				E4609AF523B529CD002778DD /* PhotoCell.swift in Sources */,
				E405495723B3CB99002A0908 /* MainPresenter.swift in Sources */,
				E4609AF323B52570002778DD /* SearchFlickrUseCase.swift in Sources */,
				E405494223B3CA5F002A0908 /* AppDelegate.swift in Sources */,
			);
			runOnlyForDeploymentPostprocessing = 0;
		};
/* End PBXSourcesBuildPhase section */

/* Begin XCBuildConfiguration section */
		E405495023B3CA61002A0908 /* Debug */ = {
			isa = XCBuildConfiguration;
			buildSettings = {
				ALWAYS_SEARCH_USER_PATHS = NO;
				CLANG_ANALYZER_NONNULL = YES;
				CLANG_ANALYZER_NUMBER_OBJECT_CONVERSION = YES_AGGRESSIVE;
				CLANG_CXX_LANGUAGE_STANDARD = "gnu++14";
				CLANG_CXX_LIBRARY = "libc++";
				CLANG_ENABLE_MODULES = YES;
				CLANG_ENABLE_OBJC_ARC = YES;
				CLANG_ENABLE_OBJC_WEAK = YES;
				CLANG_WARN_BLOCK_CAPTURE_AUTORELEASING = YES;
				CLANG_WARN_BOOL_CONVERSION = YES;
				CLANG_WARN_COMMA = YES;
				CLANG_WARN_CONSTANT_CONVERSION = YES;
				CLANG_WARN_DEPRECATED_OBJC_IMPLEMENTATIONS = YES;
				CLANG_WARN_DIRECT_OBJC_ISA_USAGE = YES_ERROR;
				CLANG_WARN_DOCUMENTATION_COMMENTS = YES;
				CLANG_WARN_EMPTY_BODY = YES;
				CLANG_WARN_ENUM_CONVERSION = YES;
				CLANG_WARN_INFINITE_RECURSION = YES;
				CLANG_WARN_INT_CONVERSION = YES;
				CLANG_WARN_NON_LITERAL_NULL_CONVERSION = YES;
				CLANG_WARN_OBJC_IMPLICIT_RETAIN_SELF = YES;
				CLANG_WARN_OBJC_LITERAL_CONVERSION = YES;
				CLANG_WARN_OBJC_ROOT_CLASS = YES_ERROR;
				CLANG_WARN_RANGE_LOOP_ANALYSIS = YES;
				CLANG_WARN_STRICT_PROTOTYPES = YES;
				CLANG_WARN_SUSPICIOUS_MOVE = YES;
				CLANG_WARN_UNGUARDED_AVAILABILITY = YES_AGGRESSIVE;
				CLANG_WARN_UNREACHABLE_CODE = YES;
				CLANG_WARN__DUPLICATE_METHOD_MATCH = YES;
				COPY_PHASE_STRIP = NO;
				DEBUG_INFORMATION_FORMAT = dwarf;
				ENABLE_STRICT_OBJC_MSGSEND = YES;
				ENABLE_TESTABILITY = YES;
				GCC_C_LANGUAGE_STANDARD = gnu11;
				GCC_DYNAMIC_NO_PIC = NO;
				GCC_NO_COMMON_BLOCKS = YES;
				GCC_OPTIMIZATION_LEVEL = 0;
				GCC_PREPROCESSOR_DEFINITIONS = (
					"DEBUG=1",
					"$(inherited)",
				);
				GCC_WARN_64_TO_32_BIT_CONVERSION = YES;
				GCC_WARN_ABOUT_RETURN_TYPE = YES_ERROR;
				GCC_WARN_UNDECLARED_SELECTOR = YES;
				GCC_WARN_UNINITIALIZED_AUTOS = YES_AGGRESSIVE;
				GCC_WARN_UNUSED_FUNCTION = YES;
				GCC_WARN_UNUSED_VARIABLE = YES;
				IPHONEOS_DEPLOYMENT_TARGET = 13.2;
				MTL_ENABLE_DEBUG_INFO = INCLUDE_SOURCE;
				MTL_FAST_MATH = YES;
				ONLY_ACTIVE_ARCH = YES;
				SDKROOT = iphoneos;
				SWIFT_ACTIVE_COMPILATION_CONDITIONS = DEBUG;
				SWIFT_OPTIMIZATION_LEVEL = "-Onone";
			};
			name = Debug;
		};
		E405495123B3CA61002A0908 /* Release */ = {
			isa = XCBuildConfiguration;
			buildSettings = {
				ALWAYS_SEARCH_USER_PATHS = NO;
				CLANG_ANALYZER_NONNULL = YES;
				CLANG_ANALYZER_NUMBER_OBJECT_CONVERSION = YES_AGGRESSIVE;
				CLANG_CXX_LANGUAGE_STANDARD = "gnu++14";
				CLANG_CXX_LIBRARY = "libc++";
				CLANG_ENABLE_MODULES = YES;
				CLANG_ENABLE_OBJC_ARC = YES;
				CLANG_ENABLE_OBJC_WEAK = YES;
				CLANG_WARN_BLOCK_CAPTURE_AUTORELEASING = YES;
				CLANG_WARN_BOOL_CONVERSION = YES;
				CLANG_WARN_COMMA = YES;
				CLANG_WARN_CONSTANT_CONVERSION = YES;
				CLANG_WARN_DEPRECATED_OBJC_IMPLEMENTATIONS = YES;
				CLANG_WARN_DIRECT_OBJC_ISA_USAGE = YES_ERROR;
				CLANG_WARN_DOCUMENTATION_COMMENTS = YES;
				CLANG_WARN_EMPTY_BODY = YES;
				CLANG_WARN_ENUM_CONVERSION = YES;
				CLANG_WARN_INFINITE_RECURSION = YES;
				CLANG_WARN_INT_CONVERSION = YES;
				CLANG_WARN_NON_LITERAL_NULL_CONVERSION = YES;
				CLANG_WARN_OBJC_IMPLICIT_RETAIN_SELF = YES;
				CLANG_WARN_OBJC_LITERAL_CONVERSION = YES;
				CLANG_WARN_OBJC_ROOT_CLASS = YES_ERROR;
				CLANG_WARN_RANGE_LOOP_ANALYSIS = YES;
				CLANG_WARN_STRICT_PROTOTYPES = YES;
				CLANG_WARN_SUSPICIOUS_MOVE = YES;
				CLANG_WARN_UNGUARDED_AVAILABILITY = YES_AGGRESSIVE;
				CLANG_WARN_UNREACHABLE_CODE = YES;
				CLANG_WARN__DUPLICATE_METHOD_MATCH = YES;
				COPY_PHASE_STRIP = NO;
				DEBUG_INFORMATION_FORMAT = "dwarf-with-dsym";
				ENABLE_NS_ASSERTIONS = NO;
				ENABLE_STRICT_OBJC_MSGSEND = YES;
				GCC_C_LANGUAGE_STANDARD = gnu11;
				GCC_NO_COMMON_BLOCKS = YES;
				GCC_WARN_64_TO_32_BIT_CONVERSION = YES;
				GCC_WARN_ABOUT_RETURN_TYPE = YES_ERROR;
				GCC_WARN_UNDECLARED_SELECTOR = YES;
				GCC_WARN_UNINITIALIZED_AUTOS = YES_AGGRESSIVE;
				GCC_WARN_UNUSED_FUNCTION = YES;
				GCC_WARN_UNUSED_VARIABLE = YES;
				IPHONEOS_DEPLOYMENT_TARGET = 13.2;
				MTL_ENABLE_DEBUG_INFO = NO;
				MTL_FAST_MATH = YES;
				SDKROOT = iphoneos;
				SWIFT_COMPILATION_MODE = wholemodule;
				SWIFT_OPTIMIZATION_LEVEL = "-O";
				VALIDATE_PRODUCT = YES;
			};
			name = Release;
		};
		E405495323B3CA61002A0908 /* Debug */ = {
			isa = XCBuildConfiguration;
			buildSettings = {
				ASSETCATALOG_COMPILER_APPICON_NAME = AppIcon;
				CODE_SIGN_STYLE = Automatic;
				DEVELOPMENT_TEAM = WL774ZLFP6;
				INFOPLIST_FILE = collectionView/Info.plist;
				LD_RUNPATH_SEARCH_PATHS = (
					"$(inherited)",
					"@executable_path/Frameworks",
				);
				PRODUCT_BUNDLE_IDENTIFIER = larahoya.collectionView;
				PRODUCT_NAME = "$(TARGET_NAME)";
				SWIFT_VERSION = 5.0;
				TARGETED_DEVICE_FAMILY = "1,2";
			};
			name = Debug;
		};
		E405495423B3CA61002A0908 /* Release */ = {
			isa = XCBuildConfiguration;
			buildSettings = {
				ASSETCATALOG_COMPILER_APPICON_NAME = AppIcon;
				CODE_SIGN_STYLE = Automatic;
				DEVELOPMENT_TEAM = WL774ZLFP6;
				INFOPLIST_FILE = collectionView/Info.plist;
				LD_RUNPATH_SEARCH_PATHS = (
					"$(inherited)",
					"@executable_path/Frameworks",
				);
				PRODUCT_BUNDLE_IDENTIFIER = larahoya.collectionView;
				PRODUCT_NAME = "$(TARGET_NAME)";
				SWIFT_VERSION = 5.0;
				TARGETED_DEVICE_FAMILY = "1,2";
			};
			name = Release;
		};
/* End XCBuildConfiguration section */

/* Begin XCConfigurationList section */
		E405493923B3CA5F002A0908 /* Build configuration list for PBXProject "collectionView" */ = {
			isa = XCConfigurationList;
			buildConfigurations = (
				E405495023B3CA61002A0908 /* Debug */,
				E405495123B3CA61002A0908 /* Release */,
			);
			defaultConfigurationIsVisible = 0;
			defaultConfigurationName = Release;
		};
		E405495223B3CA61002A0908 /* Build configuration list for PBXNativeTarget "collectionView" */ = {
			isa = XCConfigurationList;
			buildConfigurations = (
				E405495323B3CA61002A0908 /* Debug */,
				E405495423B3CA61002A0908 /* Release */,
			);
			defaultConfigurationIsVisible = 0;
			defaultConfigurationName = Release;
		};
/* End XCConfigurationList section */
	};
	rootObject = E405493623B3CA5F002A0908 /* Project object */;
}
